// !$*UTF8*$!
{
	archiveVersion = 1;
	classes = {
	};
	objectVersion = 55;
	objects = {

/* Begin PBXBuildFile section */
		700245FE2780530A00DAC226 /* BabyLooApp.swift in Sources */ = {isa = PBXBuildFile; fileRef = 700245FD2780530A00DAC226 /* BabyLooApp.swift */; };
		700246002780530A00DAC226 /* HomeView.swift in Sources */ = {isa = PBXBuildFile; fileRef = 700245FF2780530A00DAC226 /* HomeView.swift */; };
		700246022780530F00DAC226 /* Assets.xcassets in Resources */ = {isa = PBXBuildFile; fileRef = 700246012780530F00DAC226 /* Assets.xcassets */; };
		700246052780530F00DAC226 /* Preview Assets.xcassets in Resources */ = {isa = PBXBuildFile; fileRef = 700246042780530F00DAC226 /* Preview Assets.xcassets */; };
		7002460D278053E400DAC226 /* LooModel.xcdatamodeld in Sources */ = {isa = PBXBuildFile; fileRef = 7002460B278053E400DAC226 /* LooModel.xcdatamodeld */; };
		700246102780552D00DAC226 /* CoreDataProvider.swift in Sources */ = {isa = PBXBuildFile; fileRef = 7002460F2780552D00DAC226 /* CoreDataProvider.swift */; };
		7002461227806F1500DAC226 /* LaunchScreen.swift in Sources */ = {isa = PBXBuildFile; fileRef = 7002461127806F1500DAC226 /* LaunchScreen.swift */; };
		7002461527806F9A00DAC226 /* Lottie in Frameworks */ = {isa = PBXBuildFile; productRef = 7002461427806F9A00DAC226 /* Lottie */; };
		70024617278071E000DAC226 /* LottieView.swift in Sources */ = {isa = PBXBuildFile; fileRef = 70024616278071E000DAC226 /* LottieView.swift */; };
		70024619278075FF00DAC226 /* baby.json in Resources */ = {isa = PBXBuildFile; fileRef = 70024618278075FF00DAC226 /* baby.json */; };
		7002461C2780D52600DAC226 /* LooEntry.swift in Sources */ = {isa = PBXBuildFile; fileRef = 7002461B2780D52600DAC226 /* LooEntry.swift */; };
		705D9C9A2783FECA002EAB03 /* LooListViewModel.swift in Sources */ = {isa = PBXBuildFile; fileRef = 705D9C992783FECA002EAB03 /* LooListViewModel.swift */; };
		705D9C9D2784011A002EAB03 /* BaseModel.swift in Sources */ = {isa = PBXBuildFile; fileRef = 705D9C9C2784011A002EAB03 /* BaseModel.swift */; };
		705D9C9F27840142002EAB03 /* Loo+Extensions.swift in Sources */ = {isa = PBXBuildFile; fileRef = 705D9C9E27840142002EAB03 /* Loo+Extensions.swift */; };
		705D9CA1278403C1002EAB03 /* AddLooViewModel.swift in Sources */ = {isa = PBXBuildFile; fileRef = 705D9CA0278403C1002EAB03 /* AddLooViewModel.swift */; };
		705D9CA527841D8E002EAB03 /* LooItemView.swift in Sources */ = {isa = PBXBuildFile; fileRef = 705D9CA427841D8E002EAB03 /* LooItemView.swift */; };
		70A052052782B22800B6585D /* ExtensionHelper.swift in Sources */ = {isa = PBXBuildFile; fileRef = 70A052042782B22800B6585D /* ExtensionHelper.swift */; };
		70A0520727831EC400B6585D /* LooDetail.swift in Sources */ = {isa = PBXBuildFile; fileRef = 70A0520627831EC400B6585D /* LooDetail.swift */; };
		70A32361279A53950026DF21 /* ListView.swift in Sources */ = {isa = PBXBuildFile; fileRef = 70A32360279A53950026DF21 /* ListView.swift */; };
/* End PBXBuildFile section */

/* Begin PBXFileReference section */
		700245FA2780530A00DAC226 /* BabyLoo.app */ = {isa = PBXFileReference; explicitFileType = wrapper.application; includeInIndex = 0; path = BabyLoo.app; sourceTree = BUILT_PRODUCTS_DIR; };
		700245FD2780530A00DAC226 /* BabyLooApp.swift */ = {isa = PBXFileReference; lastKnownFileType = sourcecode.swift; path = BabyLooApp.swift; sourceTree = "<group>"; };
		700245FF2780530A00DAC226 /* HomeView.swift */ = {isa = PBXFileReference; lastKnownFileType = sourcecode.swift; path = HomeView.swift; sourceTree = "<group>"; };
		700246012780530F00DAC226 /* Assets.xcassets */ = {isa = PBXFileReference; lastKnownFileType = folder.assetcatalog; path = Assets.xcassets; sourceTree = "<group>"; };
		700246042780530F00DAC226 /* Preview Assets.xcassets */ = {isa = PBXFileReference; lastKnownFileType = folder.assetcatalog; path = "Preview Assets.xcassets"; sourceTree = "<group>"; };
		7002460C278053E400DAC226 /* LooModel.xcdatamodel */ = {isa = PBXFileReference; lastKnownFileType = wrapper.xcdatamodel; path = LooModel.xcdatamodel; sourceTree = "<group>"; };
		7002460F2780552D00DAC226 /* CoreDataProvider.swift */ = {isa = PBXFileReference; lastKnownFileType = sourcecode.swift; path = CoreDataProvider.swift; sourceTree = "<group>"; };
		7002461127806F1500DAC226 /* LaunchScreen.swift */ = {isa = PBXFileReference; lastKnownFileType = sourcecode.swift; path = LaunchScreen.swift; sourceTree = "<group>"; };
		70024616278071E000DAC226 /* LottieView.swift */ = {isa = PBXFileReference; lastKnownFileType = sourcecode.swift; path = LottieView.swift; sourceTree = "<group>"; };
		70024618278075FF00DAC226 /* baby.json */ = {isa = PBXFileReference; fileEncoding = 4; lastKnownFileType = text.json; path = baby.json; sourceTree = "<group>"; };
		7002461A278078B700DAC226 /* Info.plist */ = {isa = PBXFileReference; lastKnownFileType = text.plist; path = Info.plist; sourceTree = "<group>"; };
		7002461B2780D52600DAC226 /* LooEntry.swift */ = {isa = PBXFileReference; lastKnownFileType = sourcecode.swift; path = LooEntry.swift; sourceTree = "<group>"; };
		705D9C992783FECA002EAB03 /* LooListViewModel.swift */ = {isa = PBXFileReference; lastKnownFileType = sourcecode.swift; path = LooListViewModel.swift; sourceTree = "<group>"; };
		705D9C9C2784011A002EAB03 /* BaseModel.swift */ = {isa = PBXFileReference; lastKnownFileType = sourcecode.swift; path = BaseModel.swift; sourceTree = "<group>"; };
		705D9C9E27840142002EAB03 /* Loo+Extensions.swift */ = {isa = PBXFileReference; lastKnownFileType = sourcecode.swift; path = "Loo+Extensions.swift"; sourceTree = "<group>"; };
		705D9CA0278403C1002EAB03 /* AddLooViewModel.swift */ = {isa = PBXFileReference; lastKnownFileType = sourcecode.swift; path = AddLooViewModel.swift; sourceTree = "<group>"; };
		705D9CA427841D8E002EAB03 /* LooItemView.swift */ = {isa = PBXFileReference; lastKnownFileType = sourcecode.swift; path = LooItemView.swift; sourceTree = "<group>"; };
		70A052042782B22800B6585D /* ExtensionHelper.swift */ = {isa = PBXFileReference; lastKnownFileType = sourcecode.swift; path = ExtensionHelper.swift; sourceTree = "<group>"; };
		70A0520627831EC400B6585D /* LooDetail.swift */ = {isa = PBXFileReference; lastKnownFileType = sourcecode.swift; path = LooDetail.swift; sourceTree = "<group>"; };
		70A32360279A53950026DF21 /* ListView.swift */ = {isa = PBXFileReference; lastKnownFileType = sourcecode.swift; path = ListView.swift; sourceTree = "<group>"; };
/* End PBXFileReference section */

/* Begin PBXFrameworksBuildPhase section */
		700245F72780530A00DAC226 /* Frameworks */ = {
			isa = PBXFrameworksBuildPhase;
			buildActionMask = 2147483647;
			files = (
				7002461527806F9A00DAC226 /* Lottie in Frameworks */,
			);
			runOnlyForDeploymentPostprocessing = 0;
		};
/* End PBXFrameworksBuildPhase section */

/* Begin PBXGroup section */
		700245F12780530A00DAC226 = {
			isa = PBXGroup;
			children = (
				700245FC2780530A00DAC226 /* BabyLoo */,
				700245FB2780530A00DAC226 /* Products */,
			);
			sourceTree = "<group>";
		};
		700245FB2780530A00DAC226 /* Products */ = {
			isa = PBXGroup;
			children = (
				700245FA2780530A00DAC226 /* BabyLoo.app */,
			);
			name = Products;
			sourceTree = "<group>";
		};
		700245FC2780530A00DAC226 /* BabyLoo */ = {
			isa = PBXGroup;
			children = (
				705D9CA327841D59002EAB03 /* Views */,
				705D9CA2278404DE002EAB03 /* Screens */,
				705D9C9B2784010A002EAB03 /* Models */,
				705D9C982783FEA9002EAB03 /* View Models */,
				70A052032782B20C00B6585D /* Extensions */,
				7002461A278078B700DAC226 /* Info.plist */,
				70024618278075FF00DAC226 /* baby.json */,
				7002460E2780551600DAC226 /* Provider */,
				700245FD2780530A00DAC226 /* BabyLooApp.swift */,
				700246012780530F00DAC226 /* Assets.xcassets */,
				700246032780530F00DAC226 /* Preview Content */,
				7002460B278053E400DAC226 /* LooModel.xcdatamodeld */,
				7002461127806F1500DAC226 /* LaunchScreen.swift */,
				70024616278071E000DAC226 /* LottieView.swift */,
				7002461B2780D52600DAC226 /* LooEntry.swift */,
			);
			path = BabyLoo;
			sourceTree = "<group>";
		};
		700246032780530F00DAC226 /* Preview Content */ = {
			isa = PBXGroup;
			children = (
				700246042780530F00DAC226 /* Preview Assets.xcassets */,
			);
			path = "Preview Content";
			sourceTree = "<group>";
		};
		7002460E2780551600DAC226 /* Provider */ = {
			isa = PBXGroup;
			children = (
				7002460F2780552D00DAC226 /* CoreDataProvider.swift */,
			);
			path = Provider;
			sourceTree = "<group>";
		};
		705D9C982783FEA9002EAB03 /* View Models */ = {
			isa = PBXGroup;
			children = (
				705D9C992783FECA002EAB03 /* LooListViewModel.swift */,
				705D9CA0278403C1002EAB03 /* AddLooViewModel.swift */,
			);
			path = "View Models";
			sourceTree = "<group>";
		};
		705D9C9B2784010A002EAB03 /* Models */ = {
			isa = PBXGroup;
			children = (
				705D9C9C2784011A002EAB03 /* BaseModel.swift */,
				705D9C9E27840142002EAB03 /* Loo+Extensions.swift */,
			);
			path = Models;
			sourceTree = "<group>";
		};
		705D9CA2278404DE002EAB03 /* Screens */ = {
			isa = PBXGroup;
			children = (
				700245FF2780530A00DAC226 /* HomeView.swift */,
				70A0520627831EC400B6585D /* LooDetail.swift */,
				70A32360279A53950026DF21 /* ListView.swift */,
			);
			path = Screens;
			sourceTree = "<group>";
		};
		705D9CA327841D59002EAB03 /* Views */ = {
			isa = PBXGroup;
			children = (
				705D9CA427841D8E002EAB03 /* LooItemView.swift */,
			);
			path = Views;
			sourceTree = "<group>";
		};
		70A052032782B20C00B6585D /* Extensions */ = {
			isa = PBXGroup;
			children = (
				70A052042782B22800B6585D /* ExtensionHelper.swift */,
			);
			path = Extensions;
			sourceTree = "<group>";
		};
/* End PBXGroup section */

/* Begin PBXNativeTarget section */
		700245F92780530A00DAC226 /* BabyLoo */ = {
			isa = PBXNativeTarget;
			buildConfigurationList = 700246082780530F00DAC226 /* Build configuration list for PBXNativeTarget "BabyLoo" */;
			buildPhases = (
				700245F62780530A00DAC226 /* Sources */,
				700245F72780530A00DAC226 /* Frameworks */,
				700245F82780530A00DAC226 /* Resources */,
			);
			buildRules = (
			);
			dependencies = (
			);
			name = BabyLoo;
			packageProductDependencies = (
				7002461427806F9A00DAC226 /* Lottie */,
			);
			productName = BabyLoo;
			productReference = 700245FA2780530A00DAC226 /* BabyLoo.app */;
			productType = "com.apple.product-type.application";
		};
/* End PBXNativeTarget section */

/* Begin PBXProject section */
		700245F22780530A00DAC226 /* Project object */ = {
			isa = PBXProject;
			attributes = {
				BuildIndependentTargetsInParallel = 1;
				LastSwiftUpdateCheck = 1320;
				LastUpgradeCheck = 1320;
				TargetAttributes = {
					700245F92780530A00DAC226 = {
						CreatedOnToolsVersion = 13.2.1;
					};
				};
			};
			buildConfigurationList = 700245F52780530A00DAC226 /* Build configuration list for PBXProject "BabyLoo" */;
			compatibilityVersion = "Xcode 13.0";
			developmentRegion = en;
			hasScannedForEncodings = 0;
			knownRegions = (
				en,
				Base,
			);
			mainGroup = 700245F12780530A00DAC226;
			packageReferences = (
				7002461327806F9A00DAC226 /* XCRemoteSwiftPackageReference "lottie-ios" */,
			);
			productRefGroup = 700245FB2780530A00DAC226 /* Products */;
			projectDirPath = "";
			projectRoot = "";
			targets = (
				700245F92780530A00DAC226 /* BabyLoo */,
			);
		};
/* End PBXProject section */

/* Begin PBXResourcesBuildPhase section */
		700245F82780530A00DAC226 /* Resources */ = {
			isa = PBXResourcesBuildPhase;
			buildActionMask = 2147483647;
			files = (
				70024619278075FF00DAC226 /* baby.json in Resources */,
				700246052780530F00DAC226 /* Preview Assets.xcassets in Resources */,
				700246022780530F00DAC226 /* Assets.xcassets in Resources */,
			);
			runOnlyForDeploymentPostprocessing = 0;
		};
/* End PBXResourcesBuildPhase section */

/* Begin PBXSourcesBuildPhase section */
		700245F62780530A00DAC226 /* Sources */ = {
			isa = PBXSourcesBuildPhase;
			buildActionMask = 2147483647;
			files = (
				705D9CA1278403C1002EAB03 /* AddLooViewModel.swift in Sources */,
				7002460D278053E400DAC226 /* LooModel.xcdatamodeld in Sources */,
				70A32361279A53950026DF21 /* ListView.swift in Sources */,
				700246002780530A00DAC226 /* HomeView.swift in Sources */,
				705D9C9D2784011A002EAB03 /* BaseModel.swift in Sources */,
				70A052052782B22800B6585D /* ExtensionHelper.swift in Sources */,
				7002461227806F1500DAC226 /* LaunchScreen.swift in Sources */,
				705D9CA527841D8E002EAB03 /* LooItemView.swift in Sources */,
				7002461C2780D52600DAC226 /* LooEntry.swift in Sources */,
				70A0520727831EC400B6585D /* LooDetail.swift in Sources */,
				700245FE2780530A00DAC226 /* BabyLooApp.swift in Sources */,
				705D9C9F27840142002EAB03 /* Loo+Extensions.swift in Sources */,
				705D9C9A2783FECA002EAB03 /* LooListViewModel.swift in Sources */,
				700246102780552D00DAC226 /* CoreDataProvider.swift in Sources */,
				70024617278071E000DAC226 /* LottieView.swift in Sources */,
			);
			runOnlyForDeploymentPostprocessing = 0;
		};
/* End PBXSourcesBuildPhase section */

/* Begin XCBuildConfiguration section */
		700246062780530F00DAC226 /* Debug */ = {
			isa = XCBuildConfiguration;
			buildSettings = {
				ALWAYS_SEARCH_USER_PATHS = NO;
				CLANG_ANALYZER_NONNULL = YES;
				CLANG_ANALYZER_NUMBER_OBJECT_CONVERSION = YES_AGGRESSIVE;
				CLANG_CXX_LANGUAGE_STANDARD = "gnu++17";
				CLANG_CXX_LIBRARY = "libc++";
				CLANG_ENABLE_MODULES = YES;
				CLANG_ENABLE_OBJC_ARC = YES;
				CLANG_ENABLE_OBJC_WEAK = YES;
				CLANG_WARN_BLOCK_CAPTURE_AUTORELEASING = YES;
				CLANG_WARN_BOOL_CONVERSION = YES;
				CLANG_WARN_COMMA = YES;
				CLANG_WARN_CONSTANT_CONVERSION = YES;
				CLANG_WARN_DEPRECATED_OBJC_IMPLEMENTATIONS = YES;
				CLANG_WARN_DIRECT_OBJC_ISA_USAGE = YES_ERROR;
				CLANG_WARN_DOCUMENTATION_COMMENTS = YES;
				CLANG_WARN_EMPTY_BODY = YES;
				CLANG_WARN_ENUM_CONVERSION = YES;
				CLANG_WARN_INFINITE_RECURSION = YES;
				CLANG_WARN_INT_CONVERSION = YES;
				CLANG_WARN_NON_LITERAL_NULL_CONVERSION = YES;
				CLANG_WARN_OBJC_IMPLICIT_RETAIN_SELF = YES;
				CLANG_WARN_OBJC_LITERAL_CONVERSION = YES;
				CLANG_WARN_OBJC_ROOT_CLASS = YES_ERROR;
				CLANG_WARN_QUOTED_INCLUDE_IN_FRAMEWORK_HEADER = YES;
				CLANG_WARN_RANGE_LOOP_ANALYSIS = YES;
				CLANG_WARN_STRICT_PROTOTYPES = YES;
				CLANG_WARN_SUSPICIOUS_MOVE = YES;
				CLANG_WARN_UNGUARDED_AVAILABILITY = YES_AGGRESSIVE;
				CLANG_WARN_UNREACHABLE_CODE = YES;
				CLANG_WARN__DUPLICATE_METHOD_MATCH = YES;
				COPY_PHASE_STRIP = NO;
				DEBUG_INFORMATION_FORMAT = dwarf;
				ENABLE_STRICT_OBJC_MSGSEND = YES;
				ENABLE_TESTABILITY = YES;
				GCC_C_LANGUAGE_STANDARD = gnu11;
				GCC_DYNAMIC_NO_PIC = NO;
				GCC_NO_COMMON_BLOCKS = YES;
				GCC_OPTIMIZATION_LEVEL = 0;
				GCC_PREPROCESSOR_DEFINITIONS = (
					"DEBUG=1",
					"$(inherited)",
				);
				GCC_WARN_64_TO_32_BIT_CONVERSION = YES;
				GCC_WARN_ABOUT_RETURN_TYPE = YES_ERROR;
				GCC_WARN_UNDECLARED_SELECTOR = YES;
				GCC_WARN_UNINITIALIZED_AUTOS = YES_AGGRESSIVE;
				GCC_WARN_UNUSED_FUNCTION = YES;
				GCC_WARN_UNUSED_VARIABLE = YES;
				IPHONEOS_DEPLOYMENT_TARGET = 15.2;
				MTL_ENABLE_DEBUG_INFO = INCLUDE_SOURCE;
				MTL_FAST_MATH = YES;
				ONLY_ACTIVE_ARCH = YES;
				SDKROOT = iphoneos;
				SWIFT_ACTIVE_COMPILATION_CONDITIONS = DEBUG;
				SWIFT_OPTIMIZATION_LEVEL = "-Onone";
			};
			name = Debug;
		};
		700246072780530F00DAC226 /* Release */ = {
			isa = XCBuildConfiguration;
			buildSettings = {
				ALWAYS_SEARCH_USER_PATHS = NO;
				CLANG_ANALYZER_NONNULL = YES;
				CLANG_ANALYZER_NUMBER_OBJECT_CONVERSION = YES_AGGRESSIVE;
				CLANG_CXX_LANGUAGE_STANDARD = "gnu++17";
				CLANG_CXX_LIBRARY = "libc++";
				CLANG_ENABLE_MODULES = YES;
				CLANG_ENABLE_OBJC_ARC = YES;
				CLANG_ENABLE_OBJC_WEAK = YES;
				CLANG_WARN_BLOCK_CAPTURE_AUTORELEASING = YES;
				CLANG_WARN_BOOL_CONVERSION = YES;
				CLANG_WARN_COMMA = YES;
				CLANG_WARN_CONSTANT_CONVERSION = YES;
				CLANG_WARN_DEPRECATED_OBJC_IMPLEMENTATIONS = YES;
				CLANG_WARN_DIRECT_OBJC_ISA_USAGE = YES_ERROR;
				CLANG_WARN_DOCUMENTATION_COMMENTS = YES;
				CLANG_WARN_EMPTY_BODY = YES;
				CLANG_WARN_ENUM_CONVERSION = YES;
				CLANG_WARN_INFINITE_RECURSION = YES;
				CLANG_WARN_INT_CONVERSION = YES;
				CLANG_WARN_NON_LITERAL_NULL_CONVERSION = YES;
				CLANG_WARN_OBJC_IMPLICIT_RETAIN_SELF = YES;
				CLANG_WARN_OBJC_LITERAL_CONVERSION = YES;
				CLANG_WARN_OBJC_ROOT_CLASS = YES_ERROR;
				CLANG_WARN_QUOTED_INCLUDE_IN_FRAMEWORK_HEADER = YES;
				CLANG_WARN_RANGE_LOOP_ANALYSIS = YES;
				CLANG_WARN_STRICT_PROTOTYPES = YES;
				CLANG_WARN_SUSPICIOUS_MOVE = YES;
				CLANG_WARN_UNGUARDED_AVAILABILITY = YES_AGGRESSIVE;
				CLANG_WARN_UNREACHABLE_CODE = YES;
				CLANG_WARN__DUPLICATE_METHOD_MATCH = YES;
				COPY_PHASE_STRIP = NO;
				DEBUG_INFORMATION_FORMAT = "dwarf-with-dsym";
				ENABLE_NS_ASSERTIONS = NO;
				ENABLE_STRICT_OBJC_MSGSEND = YES;
				GCC_C_LANGUAGE_STANDARD = gnu11;
				GCC_NO_COMMON_BLOCKS = YES;
				GCC_WARN_64_TO_32_BIT_CONVERSION = YES;
				GCC_WARN_ABOUT_RETURN_TYPE = YES_ERROR;
				GCC_WARN_UNDECLARED_SELECTOR = YES;
				GCC_WARN_UNINITIALIZED_AUTOS = YES_AGGRESSIVE;
				GCC_WARN_UNUSED_FUNCTION = YES;
				GCC_WARN_UNUSED_VARIABLE = YES;
				IPHONEOS_DEPLOYMENT_TARGET = 15.2;
				MTL_ENABLE_DEBUG_INFO = NO;
				MTL_FAST_MATH = YES;
				SDKROOT = iphoneos;
				SWIFT_COMPILATION_MODE = wholemodule;
				SWIFT_OPTIMIZATION_LEVEL = "-O";
				VALIDATE_PRODUCT = YES;
			};
			name = Release;
		};
		700246092780530F00DAC226 /* Debug */ = {
			isa = XCBuildConfiguration;
			buildSettings = {
				ASSETCATALOG_COMPILER_APPICON_NAME = AppIcon;
				ASSETCATALOG_COMPILER_GLOBAL_ACCENT_COLOR_NAME = AccentColor;
				CODE_SIGN_STYLE = Automatic;
				CURRENT_PROJECT_VERSION = 1;
				DEAD_CODE_STRIPPING = NO;
				DEVELOPMENT_ASSET_PATHS = "\"BabyLoo/Preview Content\"";
				DEVELOPMENT_TEAM = G6KL98HCPY;
				ENABLE_PREVIEWS = YES;
				GENERATE_INFOPLIST_FILE = YES;
				INFOPLIST_FILE = BabyLoo/Info.plist;
				INFOPLIST_KEY_UIApplicationSceneManifest_Generation = YES;
				INFOPLIST_KEY_UIApplicationSupportsIndirectInputEvents = YES;
				INFOPLIST_KEY_UISupportedInterfaceOrientations_iPad = "UIInterfaceOrientationPortrait UIInterfaceOrientationPortraitUpsideDown UIInterfaceOrientationLandscapeLeft UIInterfaceOrientationLandscapeRight";
				INFOPLIST_KEY_UISupportedInterfaceOrientations_iPhone = "UIInterfaceOrientationPortrait UIInterfaceOrientationLandscapeLeft UIInterfaceOrientationLandscapeRight";
				LD_RUNPATH_SEARCH_PATHS = (
					"$(inherited)",
					"@executable_path/Frameworks",
				);
				MARKETING_VERSION = 1.0;
				PRODUCT_BUNDLE_IDENTIFIER = in.selvarajan.BabyLoo;
				PRODUCT_NAME = "$(TARGET_NAME)";
				SWIFT_EMIT_LOC_STRINGS = YES;
				SWIFT_VERSION = 5.0;
				TARGETED_DEVICE_FAMILY = "1,2";
			};
			name = Debug;
		};
		7002460A2780530F00DAC226 /* Release */ = {
			isa = XCBuildConfiguration;
			buildSettings = {
				ASSETCATALOG_COMPILER_APPICON_NAME = AppIcon;
				ASSETCATALOG_COMPILER_GLOBAL_ACCENT_COLOR_NAME = AccentColor;
				CODE_SIGN_STYLE = Automatic;
				CURRENT_PROJECT_VERSION = 1;
				DEAD_CODE_STRIPPING = NO;
				DEVELOPMENT_ASSET_PATHS = "\"BabyLoo/Preview Content\"";
				DEVELOPMENT_TEAM = G6KL98HCPY;
				ENABLE_PREVIEWS = YES;
				GENERATE_INFOPLIST_FILE = YES;
				INFOPLIST_FILE = BabyLoo/Info.plist;
				INFOPLIST_KEY_UIApplicationSceneManifest_Generation = YES;
				INFOPLIST_KEY_UIApplicationSupportsIndirectInputEvents = YES;
				INFOPLIST_KEY_UISupportedInterfaceOrientations_iPad = "UIInterfaceOrientationPortrait UIInterfaceOrientationPortraitUpsideDown UIInterfaceOrientationLandscapeLeft UIInterfaceOrientationLandscapeRight";
				INFOPLIST_KEY_UISupportedInterfaceOrientations_iPhone = "UIInterfaceOrientationPortrait UIInterfaceOrientationLandscapeLeft UIInterfaceOrientationLandscapeRight";
				LD_RUNPATH_SEARCH_PATHS = (
					"$(inherited)",
					"@executable_path/Frameworks",
				);
				MARKETING_VERSION = 1.0;
				PRODUCT_BUNDLE_IDENTIFIER = in.selvarajan.BabyLoo;
				PRODUCT_NAME = "$(TARGET_NAME)";
				SWIFT_EMIT_LOC_STRINGS = YES;
				SWIFT_VERSION = 5.0;
				TARGETED_DEVICE_FAMILY = "1,2";
			};
			name = Release;
		};
/* End XCBuildConfiguration section */

/* Begin XCConfigurationList section */
		700245F52780530A00DAC226 /* Build configuration list for PBXProject "BabyLoo" */ = {
			isa = XCConfigurationList;
			buildConfigurations = (
				700246062780530F00DAC226 /* Debug */,
				700246072780530F00DAC226 /* Release */,
			);
			defaultConfigurationIsVisible = 0;
			defaultConfigurationName = Release;
		};
		700246082780530F00DAC226 /* Build configuration list for PBXNativeTarget "BabyLoo" */ = {
			isa = XCConfigurationList;
			buildConfigurations = (
				700246092780530F00DAC226 /* Debug */,
				7002460A2780530F00DAC226 /* Release */,
			);
			defaultConfigurationIsVisible = 0;
			defaultConfigurationName = Release;
		};
/* End XCConfigurationList section */

/* Begin XCRemoteSwiftPackageReference section */
		7002461327806F9A00DAC226 /* XCRemoteSwiftPackageReference "lottie-ios" */ = {
			isa = XCRemoteSwiftPackageReference;
			repositoryURL = "https://github.com/airbnb/lottie-ios";
			requirement = {
				kind = upToNextMajorVersion;
				minimumVersion = 3.0.0;
			};
		};
/* End XCRemoteSwiftPackageReference section */

/* Begin XCSwiftPackageProductDependency section */
		7002461427806F9A00DAC226 /* Lottie */ = {
			isa = XCSwiftPackageProductDependency;
			package = 7002461327806F9A00DAC226 /* XCRemoteSwiftPackageReference "lottie-ios" */;
			productName = Lottie;
		};
/* End XCSwiftPackageProductDependency section */

/* Begin XCVersionGroup section */
		7002460B278053E400DAC226 /* LooModel.xcdatamodeld */ = {
			isa = XCVersionGroup;
			children = (
				7002460C278053E400DAC226 /* LooModel.xcdatamodel */,
			);
			currentVersion = 7002460C278053E400DAC226 /* LooModel.xcdatamodel */;
			path = LooModel.xcdatamodeld;
			sourceTree = "<group>";
			versionGroupType = wrapper.xcdatamodel;
		};
/* End XCVersionGroup section */
	};
	rootObject = 700245F22780530A00DAC226 /* Project object */;
}
